{
    "name": "runmore",
    "version": "1.0.0",
    "lockfileVersion": 3,
    "requires": true,
    "packages": {
        "": {
            "name": "runmore",
            "version": "1.0.0",
            "hasInstallScript": true,
            "dependencies": {
                "fire-path": "^0.1.9",
                "fs-extra": "^10.0.0",
                "typescript": "^5.8.3"
            },
            "devDependencies": {
                "@cocos/creator-types": "^3.8.5",
                "@types/fs-extra": "^9.0.5",
                "@types/node": "^18.17.1"
            }
        },
        "node_modules/@cocos/creator-types": {
            "version": "3.8.6",
            "resolved": "https://registry.npmjs.org/@cocos/creator-types/-/creator-types-3.8.6.tgz",
            "integrity": "sha512-hyZ4aoqqLxoRtKbBLSJM5RgtK3oGOlTEryHDcyH4znq3h9cFk+MSbQC2aJHvK5/bMlJzsZ641/hD77RGSrvo8Q==",
            "dev": true,
            "license": "ISC"
        },
        "node_modules/@types/fs-extra": {
            "version": "9.0.13",
            "resolved": "https://registry.npmjs.org/@types/fs-extra/-/fs-extra-9.0.13.tgz",
            "integrity": "sha512-nEnwB++1u5lVDM2UI4c1+5R+FYaKfaAzS4OococimjVm3nQw3TuzH5UNsocrcTBbhnerblyHj4A49qXbIiZdpA==",
            "dev": true,
            "license": "MIT",
            "dependencies": {
                "@types/node": "*"
            }
        },
        "node_modules/@types/node": {
            "version": "18.19.120",
            "resolved": "https://registry.npmjs.org/@types/node/-/node-18.19.120.tgz",
            "integrity": "sha512-WtCGHFXnVI8WHLxDAt5TbnCM4eSE+nI0QN2NJtwzcgMhht2eNz6V9evJrk+lwC8bCY8OWV5Ym8Jz7ZEyGnKnMA==",
            "dev": true,
            "license": "MIT",
            "dependencies": {
                "undici-types": "~5.26.4"
            }
        },
        "node_modules/fire-path": {
            "version": "0.1.9",
            "resolved": "https://registry.npmjs.org/fire-path/-/fire-path-0.1.9.tgz",
            "integrity": "sha512-5+N7vAOCuS9Rdi2RaZVZiuHCRMmtGLwpe4iuloplchy+GQkwfig4JuTG7L4lKBVapIu7Jhj4L4NL/k5nV4tKTg=="
        },
        "node_modules/fs-extra": {
            "version": "10.1.0",
            "license": "MIT",
            "dependencies": {
                "graceful-fs": "^4.2.0",
                "jsonfile": "^6.0.1",
                "universalify": "^2.0.0"
            },
            "engines": {
                "node": ">=12"
            }
        },
        "node_modules/graceful-fs": {
            "version": "4.2.11",
            "license": "ISC"
        },
        "node_modules/jsonfile": {
            "version": "6.1.0",
            "license": "MIT",
            "dependencies": {
                "universalify": "^2.0.0"
            },
            "optionalDependencies": {
                "graceful-fs": "^4.1.6"
            }
        },
        "node_modules/typescript": {
            "version": "5.8.3",
            "resolved": "https://registry.npmjs.org/typescript/-/typescript-5.8.3.tgz",
            "integrity": "sha512-p1diW6TqL9L07nNxvRMM7hMMw4c5XOo/1ibL4aAIGmSAt9slTE1Xgw5KWuof2uTOvCg9BY7ZRi+GaF+7sfgPeQ==",
            "license": "Apache-2.0",
            "bin": {
                "tsc": "bin/tsc",
                "tsserver": "bin/tsserver"
            },
            "engines": {
                "node": ">=14.17"
            }
        },
        "node_modules/undici-types": {
            "version": "5.26.5",
            "resolved": "https://registry.npmjs.org/undici-types/-/undici-types-5.26.5.tgz",
            "integrity": "sha512-JlCMO+ehdEIKqlFxk6IfVoAUVmgz7cU7zD/h9XZ0qzeosSHmUJVOzSQvvYSYWXkFXC+IfLKSIffhv0sVZup6pA==",
            "dev": true,
            "license": "MIT"
        },
        "node_modules/universalify": {
            "version": "2.0.0",
            "license": "MIT",
            "engines": {
                "node": ">= 10.0.0"
            }
        }
    }
}
